
Microsoft Visual Studio Solution File, Format Version 12.00
# Visual Studio Version 16
VisualStudioVersion = 16.0.30120.98
MinimumVisualStudioVersion = 10.0.40219.1
Project("{FAE04EC0-301F-11D3-BF4B-00C04F79EFBC}") = "InmoEslava", "InmoEslava\InmoEslava.csproj", "{DA9E1035-774E-4661-A091-0AAE0DDB8CB7}"
EndProject
Project("{FAE04EC0-301F-11D3-BF4B-00C04F79EFBC}") = "Resources", "Resources\Resources.csproj", "{90592F6A-7FAB-4B3E-AC31-F669FCB30580}"
EndProject
Global
	GlobalSection(SolutionConfigurationPlatforms) = preSolution
		Debug|Any CPU = Debug|Any CPU
		Release|Any CPU = Release|Any CPU
	EndGlobalSection
	GlobalSection(ProjectConfigurationPlatforms) = postSolution
		{DA9E1035-774E-4661-A091-0AAE0DDB8CB7}.Debug|Any CPU.ActiveCfg = Debug|Any CPU
		{DA9E1035-774E-4661-A091-0AAE0DDB8CB7}.Debug|Any CPU.Build.0 = Debug|Any CPU
		{DA9E1035-774E-4661-A091-0AAE0DDB8CB7}.Release|Any CPU.ActiveCfg = Release|Any CPU
		{DA9E1035-774E-4661-A091-0AAE0DDB8CB7}.Release|Any CPU.Build.0 = Release|Any CPU
		{90592F6A-7FAB-4B3E-AC31-F669FCB30580}.Debug|Any CPU.ActiveCfg = Debug|Any CPU
		{90592F6A-7FAB-4B3E-AC31-F669FCB30580}.Debug|Any CPU.Build.0 = Debug|Any CPU
		{90592F6A-7FAB-4B3E-AC31-F669FCB30580}.Release|Any CPU.ActiveCfg = Release|Any CPU
		{90592F6A-7FAB-4B3E-AC31-F669FCB30580}.Release|Any CPU.Build.0 = Release|Any CPU
	EndGlobalSection
	GlobalSection(SolutionProperties) = preSolution
		HideSolutionNode = FALSE
	EndGlobalSection
	GlobalSection(ExtensibilityGlobals) = postSolution
		SolutionGuid = {9E259459-3AB6-4960-94CB-1875286F924E}
	EndGlobalSection
EndGlobal
